PODS:
  - AsyncSwift (1.7.2)
  - Charts (2.2.5):
    - Charts/Core (= 2.2.5)
  - Charts/Core (2.2.5)
  - Toast-Swift (1.3.0)

DEPENDENCIES:
  - AsyncSwift
  - Charts
  - Toast-Swift (~> 1.3.0)

SPEC CHECKSUMS:
  AsyncSwift: 46a78bceb11f0e5bb52747f740d9692ec78d2d7c
  Charts: b48fcc8d7190de910ff9e9748f5360c8ea7856e5
  Toast-Swift: 25c3d98db42dc70d9a77b5006ee000e0becb458e

COCOAPODS: 0.39.0
